
Microsoft Visual Studio Solution File, Format Version 12.00
# Visual Studio Version 16
VisualStudioVersion = 16.0.31911.196
MinimumVisualStudioVersion = 10.0.40219.1
Project("{FAE04EC0-301F-11D3-BF4B-00C04F79EFBC}") = "SPTautomation", "SPTautomation.csproj", "{A186E4A3-C41A-4444-82FA-9E7A4D709AE9}"
EndProject
Global
	GlobalSection(SolutionConfigurationPlatforms) = preSolution
		Debug|Any CPU = Debug|Any CPU
		Release|Any CPU = Release|Any CPU
	EndGlobalSection
	GlobalSection(ProjectConfigurationPlatforms) = postSolution
		{A186E4A3-C41A-4444-82FA-9E7A4D709AE9}.Debug|Any CPU.ActiveCfg = Debug|Any CPU
		{A186E4A3-C41A-4444-82FA-9E7A4D709AE9}.Debug|Any CPU.Build.0 = Debug|Any CPU
		{A186E4A3-C41A-4444-82FA-9E7A4D709AE9}.Release|Any CPU.ActiveCfg = Release|Any CPU
		{A186E4A3-C41A-4444-82FA-9E7A4D709AE9}.Release|Any CPU.Build.0 = Release|Any CPU
	EndGlobalSection
	GlobalSection(SolutionProperties) = preSolution
		HideSolutionNode = FALSE
	EndGlobalSection
	GlobalSection(ExtensibilityGlobals) = postSolution
		SolutionGuid = {B99A20AB-B1DE-4114-BF69-4838A3D65DB1}
	EndGlobalSection
EndGlobal
